
Microsoft Visual Studio Solution File, Format Version 12.00
# Visual Studio Version 16
VisualStudioVersion = 16.0.29201.188
MinimumVisualStudioVersion = 10.0.40219.1
Project("{2150E333-8FDC-42A3-9474-1A3956D46DE8}") = "User Interface", "User Interface", "{4C39DFDF-5D66-467D-9B20-032A01B0657F}"
EndProject
Project("{2150E333-8FDC-42A3-9474-1A3956D46DE8}") = "Application Layer", "Application Layer", "{EA33C02C-F7A6-4509-8C96-80618ABC95A9}"
EndProject
Project("{2150E333-8FDC-42A3-9474-1A3956D46DE8}") = "Domain Layer", "Domain Layer", "{DA9CFB3B-CF49-4F2B-998C-87ECA2D8F940}"
EndProject
Project("{2150E333-8FDC-42A3-9474-1A3956D46DE8}") = "Infrastructure Layer", "Infrastructure Layer", "{638A32D7-3F26-4F1F-8808-4349A6A2207E}"
EndProject
Project("{2150E333-8FDC-42A3-9474-1A3956D46DE8}") = "Persistence", "Persistence", "{367D296D-565F-4C9E-B940-0AB83902D5E7}"
EndProject
Project("{2150E333-8FDC-42A3-9474-1A3956D46DE8}") = "Misc", "Misc", "{CE157E21-7A68-4C23-AA8B-B3BB81227EB6}"
EndProject
Project("{9A19103F-16F7-4668-BE54-9A1E7A4F7556}") = "QuoteSystem.Website", "QuoteSystem.Website\QuoteSystem.Website.csproj", "{8716ADAF-0D24-40F3-A204-3C8D501DA99A}"
EndProject
Project("{9A19103F-16F7-4668-BE54-9A1E7A4F7556}") = "QuoteSystem.Domain", "QuoteSystem.Domain\QuoteSystem.Domain.csproj", "{39A2EA5A-977D-4E99-9A27-167E70A6F03E}"
EndProject
Project("{9A19103F-16F7-4668-BE54-9A1E7A4F7556}") = "QuoteSystem.Domain.Services", "QuoteSystem.Domain.Services\QuoteSystem.Domain.Services.csproj", "{DB724DFD-CC10-445C-98B3-74F7D5410270}"
EndProject
Project("{9A19103F-16F7-4668-BE54-9A1E7A4F7556}") = "QuoteSystem.Application", "QuoteSystem.Application\QuoteSystem.Application.csproj", "{4B5AF73E-41D7-4F02-B558-C9DC59945B29}"
EndProject
Project("{FAE04EC0-301F-11D3-BF4B-00C04F79EFBC}") = "QuoteSystem.Persistence", "QuoteSystem.Persistence\QuoteSystem.Persistence.csproj", "{38A17876-86D1-4D80-8DF6-0B421100CAFD}"
EndProject
Global
	GlobalSection(SolutionConfigurationPlatforms) = preSolution
		Debug|Any CPU = Debug|Any CPU
		Release|Any CPU = Release|Any CPU
	EndGlobalSection
	GlobalSection(ProjectConfigurationPlatforms) = postSolution
		{8716ADAF-0D24-40F3-A204-3C8D501DA99A}.Debug|Any CPU.ActiveCfg = Debug|Any CPU
		{8716ADAF-0D24-40F3-A204-3C8D501DA99A}.Debug|Any CPU.Build.0 = Debug|Any CPU
		{8716ADAF-0D24-40F3-A204-3C8D501DA99A}.Release|Any CPU.ActiveCfg = Release|Any CPU
		{8716ADAF-0D24-40F3-A204-3C8D501DA99A}.Release|Any CPU.Build.0 = Release|Any CPU
		{39A2EA5A-977D-4E99-9A27-167E70A6F03E}.Debug|Any CPU.ActiveCfg = Debug|Any CPU
		{39A2EA5A-977D-4E99-9A27-167E70A6F03E}.Debug|Any CPU.Build.0 = Debug|Any CPU
		{39A2EA5A-977D-4E99-9A27-167E70A6F03E}.Release|Any CPU.ActiveCfg = Release|Any CPU
		{39A2EA5A-977D-4E99-9A27-167E70A6F03E}.Release|Any CPU.Build.0 = Release|Any CPU
		{DB724DFD-CC10-445C-98B3-74F7D5410270}.Debug|Any CPU.ActiveCfg = Debug|Any CPU
		{DB724DFD-CC10-445C-98B3-74F7D5410270}.Debug|Any CPU.Build.0 = Debug|Any CPU
		{DB724DFD-CC10-445C-98B3-74F7D5410270}.Release|Any CPU.ActiveCfg = Release|Any CPU
		{DB724DFD-CC10-445C-98B3-74F7D5410270}.Release|Any CPU.Build.0 = Release|Any CPU
		{4B5AF73E-41D7-4F02-B558-C9DC59945B29}.Debug|Any CPU.ActiveCfg = Debug|Any CPU
		{4B5AF73E-41D7-4F02-B558-C9DC59945B29}.Debug|Any CPU.Build.0 = Debug|Any CPU
		{4B5AF73E-41D7-4F02-B558-C9DC59945B29}.Release|Any CPU.ActiveCfg = Release|Any CPU
		{4B5AF73E-41D7-4F02-B558-C9DC59945B29}.Release|Any CPU.Build.0 = Release|Any CPU
		{38A17876-86D1-4D80-8DF6-0B421100CAFD}.Debug|Any CPU.ActiveCfg = Debug|Any CPU
		{38A17876-86D1-4D80-8DF6-0B421100CAFD}.Debug|Any CPU.Build.0 = Debug|Any CPU
		{38A17876-86D1-4D80-8DF6-0B421100CAFD}.Release|Any CPU.ActiveCfg = Release|Any CPU
		{38A17876-86D1-4D80-8DF6-0B421100CAFD}.Release|Any CPU.Build.0 = Release|Any CPU
	EndGlobalSection
	GlobalSection(SolutionProperties) = preSolution
		HideSolutionNode = FALSE
	EndGlobalSection
	GlobalSection(NestedProjects) = preSolution
		{367D296D-565F-4C9E-B940-0AB83902D5E7} = {638A32D7-3F26-4F1F-8808-4349A6A2207E}
		{CE157E21-7A68-4C23-AA8B-B3BB81227EB6} = {638A32D7-3F26-4F1F-8808-4349A6A2207E}
		{8716ADAF-0D24-40F3-A204-3C8D501DA99A} = {4C39DFDF-5D66-467D-9B20-032A01B0657F}
		{39A2EA5A-977D-4E99-9A27-167E70A6F03E} = {DA9CFB3B-CF49-4F2B-998C-87ECA2D8F940}
		{DB724DFD-CC10-445C-98B3-74F7D5410270} = {DA9CFB3B-CF49-4F2B-998C-87ECA2D8F940}
		{4B5AF73E-41D7-4F02-B558-C9DC59945B29} = {EA33C02C-F7A6-4509-8C96-80618ABC95A9}
		{38A17876-86D1-4D80-8DF6-0B421100CAFD} = {367D296D-565F-4C9E-B940-0AB83902D5E7}
	EndGlobalSection
	GlobalSection(ExtensibilityGlobals) = postSolution
		SolutionGuid = {52B92F03-4A2C-4D84-BCB8-30BE4FC54A2F}
	EndGlobalSection
EndGlobal
